
Microsoft Visual Studio Solution File, Format Version 12.00
Project("{FAE04EC0-301F-11D3-BF4B-00C04F79EFBC}") = "ApiTestWithSpecflow", "ApiTestWithSpecflow\ApiTestWithSpecflow.csproj", "{B97D81C0-928E-40FA-96D0-2007A98DA536}"
EndProject
Project("{FAE04EC0-301F-11D3-BF4B-00C04F79EFBC}") = "Models", "Models\Models.csproj", "{AF87B8B6-9CCF-40A8-BDD5-845F30C46835}"
EndProject
Global
	GlobalSection(SolutionConfigurationPlatforms) = preSolution
		Debug|Any CPU = Debug|Any CPU
		Release|Any CPU = Release|Any CPU
	EndGlobalSection
	GlobalSection(ProjectConfigurationPlatforms) = postSolution
		{B97D81C0-928E-40FA-96D0-2007A98DA536}.Debug|Any CPU.ActiveCfg = Debug|Any CPU
		{B97D81C0-928E-40FA-96D0-2007A98DA536}.Debug|Any CPU.Build.0 = Debug|Any CPU
		{B97D81C0-928E-40FA-96D0-2007A98DA536}.Release|Any CPU.ActiveCfg = Release|Any CPU
		{B97D81C0-928E-40FA-96D0-2007A98DA536}.Release|Any CPU.Build.0 = Release|Any CPU
		{AF87B8B6-9CCF-40A8-BDD5-845F30C46835}.Debug|Any CPU.ActiveCfg = Debug|Any CPU
		{AF87B8B6-9CCF-40A8-BDD5-845F30C46835}.Debug|Any CPU.Build.0 = Debug|Any CPU
		{AF87B8B6-9CCF-40A8-BDD5-845F30C46835}.Release|Any CPU.ActiveCfg = Release|Any CPU
		{AF87B8B6-9CCF-40A8-BDD5-845F30C46835}.Release|Any CPU.Build.0 = Release|Any CPU
	EndGlobalSection
EndGlobal
